// !$*UTF8*$!
{
	archiveVersion = 1;
	classes = {
	};
	objectVersion = 46;
	objects = {

/* Begin PBXBuildFile section */
		3D64082617C7D2D20041060F /* CardMatchingGame.m in Sources */ = {isa = PBXBuildFile; fileRef = 3D64082517C7D2D20041060F /* CardMatchingGame.m */; };
		3D64082817C8335E0041060F /* card.png in Resources */ = {isa = PBXBuildFile; fileRef = 3D64082717C8335E0041060F /* card.png */; };
		3D64082B17C83CF10041060F /* cardSelected.png in Resources */ = {isa = PBXBuildFile; fileRef = 3D64082A17C83CF10041060F /* cardSelected.png */; };
		3DA247C917C69BE600F389F9 /* UIKit.framework in Frameworks */ = {isa = PBXBuildFile; fileRef = 3DA247C817C69BE600F389F9 /* UIKit.framework */; };
		3DA247CB17C69BE600F389F9 /* Foundation.framework in Frameworks */ = {isa = PBXBuildFile; fileRef = 3DA247CA17C69BE600F389F9 /* Foundation.framework */; };
		3DA247CD17C69BE600F389F9 /* CoreGraphics.framework in Frameworks */ = {isa = PBXBuildFile; fileRef = 3DA247CC17C69BE600F389F9 /* CoreGraphics.framework */; };
		3DA247D317C69BE600F389F9 /* InfoPlist.strings in Resources */ = {isa = PBXBuildFile; fileRef = 3DA247D117C69BE600F389F9 /* InfoPlist.strings */; };
		3DA247D517C69BE600F389F9 /* main.m in Sources */ = {isa = PBXBuildFile; fileRef = 3DA247D417C69BE600F389F9 /* main.m */; };
		3DA247D917C69BE600F389F9 /* CardgameAppDelegate.m in Sources */ = {isa = PBXBuildFile; fileRef = 3DA247D817C69BE600F389F9 /* CardgameAppDelegate.m */; };
		3DA247DB17C69BE600F389F9 /* Default.png in Resources */ = {isa = PBXBuildFile; fileRef = 3DA247DA17C69BE600F389F9 /* Default.png */; };
		3DA247DD17C69BE600F389F9 /* Default@2x.png in Resources */ = {isa = PBXBuildFile; fileRef = 3DA247DC17C69BE600F389F9 /* Default@2x.png */; };
		3DA247DF17C69BE600F389F9 /* Default-568h@2x.png in Resources */ = {isa = PBXBuildFile; fileRef = 3DA247DE17C69BE600F389F9 /* Default-568h@2x.png */; };
		3DA247E217C69BE600F389F9 /* MainStoryboard.storyboard in Resources */ = {isa = PBXBuildFile; fileRef = 3DA247E017C69BE600F389F9 /* MainStoryboard.storyboard */; };
		3DA247E517C69BE600F389F9 /* CardgameViewController.m in Sources */ = {isa = PBXBuildFile; fileRef = 3DA247E417C69BE600F389F9 /* CardgameViewController.m */; };
		3DA247ED17C6A43C00F389F9 /* Card.m in Sources */ = {isa = PBXBuildFile; fileRef = 3DA247EC17C6A43C00F389F9 /* Card.m */; };
		3DE98FA417C6E73200016EC6 /* PlayingCard.m in Sources */ = {isa = PBXBuildFile; fileRef = 3DE98FA317C6E73200016EC6 /* PlayingCard.m */; };
		3DE98FB117C6E77A00016EC6 /* Deck.m in Sources */ = {isa = PBXBuildFile; fileRef = 3DE98FB017C6E77A00016EC6 /* Deck.m */; };
		3DE98FB417C6EE9400016EC6 /* PlayingCardDeck.m in Sources */ = {isa = PBXBuildFile; fileRef = 3DE98FB317C6EE9400016EC6 /* PlayingCardDeck.m */; };
/* End PBXBuildFile section */

/* Begin PBXFileReference section */
		3D64082417C7D2D20041060F /* CardMatchingGame.h */ = {isa = PBXFileReference; fileEncoding = 4; lastKnownFileType = sourcecode.c.h; name = CardMatchingGame.h; path = model/CardMatchingGame.h; sourceTree = "<group>"; };
		3D64082517C7D2D20041060F /* CardMatchingGame.m */ = {isa = PBXFileReference; fileEncoding = 4; lastKnownFileType = sourcecode.c.objc; name = CardMatchingGame.m; path = model/CardMatchingGame.m; sourceTree = "<group>"; };
		3D64082717C8335E0041060F /* card.png */ = {isa = PBXFileReference; lastKnownFileType = image.png; name = card.png; path = images/card.png; sourceTree = "<group>"; };
		3D64082A17C83CF10041060F /* cardSelected.png */ = {isa = PBXFileReference; lastKnownFileType = image.png; name = cardSelected.png; path = images/cardSelected.png; sourceTree = "<group>"; };
		3DA247C517C69BE600F389F9 /* Matchismo.app */ = {isa = PBXFileReference; explicitFileType = wrapper.application; includeInIndex = 0; path = Matchismo.app; sourceTree = BUILT_PRODUCTS_DIR; };
		3DA247C817C69BE600F389F9 /* UIKit.framework */ = {isa = PBXFileReference; lastKnownFileType = wrapper.framework; name = UIKit.framework; path = System/Library/Frameworks/UIKit.framework; sourceTree = SDKROOT; };
		3DA247CA17C69BE600F389F9 /* Foundation.framework */ = {isa = PBXFileReference; lastKnownFileType = wrapper.framework; name = Foundation.framework; path = System/Library/Frameworks/Foundation.framework; sourceTree = SDKROOT; };
		3DA247CC17C69BE600F389F9 /* CoreGraphics.framework */ = {isa = PBXFileReference; lastKnownFileType = wrapper.framework; name = CoreGraphics.framework; path = System/Library/Frameworks/CoreGraphics.framework; sourceTree = SDKROOT; };
		3DA247D017C69BE600F389F9 /* Matchismo-Info.plist */ = {isa = PBXFileReference; lastKnownFileType = text.plist.xml; path = "Matchismo-Info.plist"; sourceTree = "<group>"; };
		3DA247D217C69BE600F389F9 /* en */ = {isa = PBXFileReference; lastKnownFileType = text.plist.strings; name = en; path = en.lproj/InfoPlist.strings; sourceTree = "<group>"; };
		3DA247D417C69BE600F389F9 /* main.m */ = {isa = PBXFileReference; lastKnownFileType = sourcecode.c.objc; path = main.m; sourceTree = "<group>"; };
		3DA247D617C69BE600F389F9 /* Matchismo-Prefix.pch */ = {isa = PBXFileReference; lastKnownFileType = sourcecode.c.h; path = "Matchismo-Prefix.pch"; sourceTree = "<group>"; };
		3DA247D717C69BE600F389F9 /* CardgameAppDelegate.h */ = {isa = PBXFileReference; lastKnownFileType = sourcecode.c.h; path = CardgameAppDelegate.h; sourceTree = "<group>"; };
		3DA247D817C69BE600F389F9 /* CardgameAppDelegate.m */ = {isa = PBXFileReference; lastKnownFileType = sourcecode.c.objc; path = CardgameAppDelegate.m; sourceTree = "<group>"; };
		3DA247DA17C69BE600F389F9 /* Default.png */ = {isa = PBXFileReference; lastKnownFileType = image.png; path = Default.png; sourceTree = "<group>"; };
		3DA247DC17C69BE600F389F9 /* Default@2x.png */ = {isa = PBXFileReference; lastKnownFileType = image.png; path = "Default@2x.png"; sourceTree = "<group>"; };
		3DA247DE17C69BE600F389F9 /* Default-568h@2x.png */ = {isa = PBXFileReference; lastKnownFileType = image.png; path = "Default-568h@2x.png"; sourceTree = "<group>"; };
		3DA247E117C69BE600F389F9 /* en */ = {isa = PBXFileReference; lastKnownFileType = file.storyboard; name = en; path = en.lproj/MainStoryboard.storyboard; sourceTree = "<group>"; };
		3DA247E317C69BE600F389F9 /* CardgameViewController.h */ = {isa = PBXFileReference; lastKnownFileType = sourcecode.c.h; path = CardgameViewController.h; sourceTree = "<group>"; };
		3DA247E417C69BE600F389F9 /* CardgameViewController.m */ = {isa = PBXFileReference; lastKnownFileType = sourcecode.c.objc; path = CardgameViewController.m; sourceTree = "<group>"; };
		3DA247EB17C6A43C00F389F9 /* Card.h */ = {isa = PBXFileReference; fileEncoding = 4; lastKnownFileType = sourcecode.c.h; name = Card.h; path = model/Card.h; sourceTree = "<group>"; };
		3DA247EC17C6A43C00F389F9 /* Card.m */ = {isa = PBXFileReference; fileEncoding = 4; lastKnownFileType = sourcecode.c.objc; name = Card.m; path = model/Card.m; sourceTree = "<group>"; };
		3DE98FA217C6E73200016EC6 /* PlayingCard.h */ = {isa = PBXFileReference; fileEncoding = 4; lastKnownFileType = sourcecode.c.h; name = PlayingCard.h; path = model/PlayingCard.h; sourceTree = "<group>"; };
		3DE98FA317C6E73200016EC6 /* PlayingCard.m */ = {isa = PBXFileReference; fileEncoding = 4; lastKnownFileType = sourcecode.c.objc; name = PlayingCard.m; path = model/PlayingCard.m; sourceTree = "<group>"; };
		3DE98FAF17C6E77A00016EC6 /* Deck.h */ = {isa = PBXFileReference; fileEncoding = 4; lastKnownFileType = sourcecode.c.h; name = Deck.h; path = model/Deck.h; sourceTree = "<group>"; };
		3DE98FB017C6E77A00016EC6 /* Deck.m */ = {isa = PBXFileReference; fileEncoding = 4; lastKnownFileType = sourcecode.c.objc; name = Deck.m; path = model/Deck.m; sourceTree = "<group>"; };
		3DE98FB217C6EE9400016EC6 /* PlayingCardDeck.h */ = {isa = PBXFileReference; fileEncoding = 4; lastKnownFileType = sourcecode.c.h; name = PlayingCardDeck.h; path = model/PlayingCardDeck.h; sourceTree = "<group>"; };
		3DE98FB317C6EE9400016EC6 /* PlayingCardDeck.m */ = {isa = PBXFileReference; fileEncoding = 4; lastKnownFileType = sourcecode.c.objc; name = PlayingCardDeck.m; path = model/PlayingCardDeck.m; sourceTree = "<group>"; };
/* End PBXFileReference section */

/* Begin PBXFrameworksBuildPhase section */
		3DA247C217C69BE600F389F9 /* Frameworks */ = {
			isa = PBXFrameworksBuildPhase;
			buildActionMask = 2147483647;
			files = (
				3DA247C917C69BE600F389F9 /* UIKit.framework in Frameworks */,
				3DA247CB17C69BE600F389F9 /* Foundation.framework in Frameworks */,
				3DA247CD17C69BE600F389F9 /* CoreGraphics.framework in Frameworks */,
			);
			runOnlyForDeploymentPostprocessing = 0;
		};
/* End PBXFrameworksBuildPhase section */

/* Begin PBXGroup section */
		3D64082917C833660041060F /* images */ = {
			isa = PBXGroup;
			children = (
				3D64082717C8335E0041060F /* card.png */,
				3D64082A17C83CF10041060F /* cardSelected.png */,
			);
			name = images;
			sourceTree = "<group>";
		};
		3DA247BC17C69BE600F389F9 = {
			isa = PBXGroup;
			children = (
				3DA247CE17C69BE600F389F9 /* Matchismo */,
				3DA247C717C69BE600F389F9 /* Frameworks */,
				3DA247C617C69BE600F389F9 /* Products */,
			);
			sourceTree = "<group>";
		};
		3DA247C617C69BE600F389F9 /* Products */ = {
			isa = PBXGroup;
			children = (
				3DA247C517C69BE600F389F9 /* Matchismo.app */,
			);
			name = Products;
			sourceTree = "<group>";
		};
		3DA247C717C69BE600F389F9 /* Frameworks */ = {
			isa = PBXGroup;
			children = (
				3DA247C817C69BE600F389F9 /* UIKit.framework */,
				3DA247CA17C69BE600F389F9 /* Foundation.framework */,
				3DA247CC17C69BE600F389F9 /* CoreGraphics.framework */,
			);
			name = Frameworks;
			sourceTree = "<group>";
		};
		3DA247CE17C69BE600F389F9 /* Matchismo */ = {
			isa = PBXGroup;
			children = (
				3DA247E017C69BE600F389F9 /* MainStoryboard.storyboard */,
				3DA247E317C69BE600F389F9 /* CardgameViewController.h */,
				3DA247E417C69BE600F389F9 /* CardgameViewController.m */,
				3D64082917C833660041060F /* images */,
				3DA247EE17C6A6E800F389F9 /* Model */,
				3DA247CF17C69BE600F389F9 /* Supporting Files */,
			);
			path = Matchismo;
			sourceTree = "<group>";
		};
		3DA247CF17C69BE600F389F9 /* Supporting Files */ = {
			isa = PBXGroup;
			children = (
				3DA247D717C69BE600F389F9 /* CardgameAppDelegate.h */,
				3DA247D817C69BE600F389F9 /* CardgameAppDelegate.m */,
				3DA247D017C69BE600F389F9 /* Matchismo-Info.plist */,
				3DA247D117C69BE600F389F9 /* InfoPlist.strings */,
				3DA247D417C69BE600F389F9 /* main.m */,
				3DA247D617C69BE600F389F9 /* Matchismo-Prefix.pch */,
				3DA247DA17C69BE600F389F9 /* Default.png */,
				3DA247DC17C69BE600F389F9 /* Default@2x.png */,
				3DA247DE17C69BE600F389F9 /* Default-568h@2x.png */,
			);
			name = "Supporting Files";
			sourceTree = "<group>";
		};
		3DA247EE17C6A6E800F389F9 /* Model */ = {
			isa = PBXGroup;
			children = (
				3DA247EB17C6A43C00F389F9 /* Card.h */,
				3DA247EC17C6A43C00F389F9 /* Card.m */,
				3DE98FAF17C6E77A00016EC6 /* Deck.h */,
				3DE98FB017C6E77A00016EC6 /* Deck.m */,
				3DE98FA217C6E73200016EC6 /* PlayingCard.h */,
				3DE98FA317C6E73200016EC6 /* PlayingCard.m */,
				3DE98FB217C6EE9400016EC6 /* PlayingCardDeck.h */,
				3DE98FB317C6EE9400016EC6 /* PlayingCardDeck.m */,
				3D64082417C7D2D20041060F /* CardMatchingGame.h */,
				3D64082517C7D2D20041060F /* CardMatchingGame.m */,
			);
			name = Model;
			sourceTree = "<group>";
		};
/* End PBXGroup section */

/* Begin PBXNativeTarget section */
		3DA247C417C69BE600F389F9 /* Matchismo */ = {
			isa = PBXNativeTarget;
			buildConfigurationList = 3DA247E817C69BE600F389F9 /* Build configuration list for PBXNativeTarget "Matchismo" */;
			buildPhases = (
				3DA247C117C69BE600F389F9 /* Sources */,
				3DA247C217C69BE600F389F9 /* Frameworks */,
				3DA247C317C69BE600F389F9 /* Resources */,
			);
			buildRules = (
			);
			dependencies = (
			);
			name = Matchismo;
			productName = Matchismo;
			productReference = 3DA247C517C69BE600F389F9 /* Matchismo.app */;
			productType = "com.apple.product-type.application";
		};
/* End PBXNativeTarget section */

/* Begin PBXProject section */
		3DA247BD17C69BE600F389F9 /* Project object */ = {
			isa = PBXProject;
			attributes = {
				CLASSPREFIX = Cardgame;
				LastUpgradeCheck = 0460;
				ORGANIZATIONNAME = "William Ho";
			};
			buildConfigurationList = 3DA247C017C69BE600F389F9 /* Build configuration list for PBXProject "Matchismo" */;
			compatibilityVersion = "Xcode 3.2";
			developmentRegion = English;
			hasScannedForEncodings = 0;
			knownRegions = (
				en,
			);
			mainGroup = 3DA247BC17C69BE600F389F9;
			productRefGroup = 3DA247C617C69BE600F389F9 /* Products */;
			projectDirPath = "";
			projectRoot = "";
			targets = (
				3DA247C417C69BE600F389F9 /* Matchismo */,
			);
		};
/* End PBXProject section */

/* Begin PBXResourcesBuildPhase section */
		3DA247C317C69BE600F389F9 /* Resources */ = {
			isa = PBXResourcesBuildPhase;
			buildActionMask = 2147483647;
			files = (
				3DA247D317C69BE600F389F9 /* InfoPlist.strings in Resources */,
				3DA247DB17C69BE600F389F9 /* Default.png in Resources */,
				3DA247DD17C69BE600F389F9 /* Default@2x.png in Resources */,
				3DA247DF17C69BE600F389F9 /* Default-568h@2x.png in Resources */,
				3DA247E217C69BE600F389F9 /* MainStoryboard.storyboard in Resources */,
				3D64082817C8335E0041060F /* card.png in Resources */,
				3D64082B17C83CF10041060F /* cardSelected.png in Resources */,
			);
			runOnlyForDeploymentPostprocessing = 0;
		};
/* End PBXResourcesBuildPhase section */

/* Begin PBXSourcesBuildPhase section */
		3DA247C117C69BE600F389F9 /* Sources */ = {
			isa = PBXSourcesBuildPhase;
			buildActionMask = 2147483647;
			files = (
				3DA247D517C69BE600F389F9 /* main.m in Sources */,
				3DA247D917C69BE600F389F9 /* CardgameAppDelegate.m in Sources */,
				3DA247E517C69BE600F389F9 /* CardgameViewController.m in Sources */,
				3DA247ED17C6A43C00F389F9 /* Card.m in Sources */,
				3DE98FA417C6E73200016EC6 /* PlayingCard.m in Sources */,
				3DE98FB117C6E77A00016EC6 /* Deck.m in Sources */,
				3DE98FB417C6EE9400016EC6 /* PlayingCardDeck.m in Sources */,
				3D64082617C7D2D20041060F /* CardMatchingGame.m in Sources */,
			);
			runOnlyForDeploymentPostprocessing = 0;
		};
/* End PBXSourcesBuildPhase section */

/* Begin PBXVariantGroup section */
		3DA247D117C69BE600F389F9 /* InfoPlist.strings */ = {
			isa = PBXVariantGroup;
			children = (
				3DA247D217C69BE600F389F9 /* en */,
			);
			name = InfoPlist.strings;
			sourceTree = "<group>";
		};
		3DA247E017C69BE600F389F9 /* MainStoryboard.storyboard */ = {
			isa = PBXVariantGroup;
			children = (
				3DA247E117C69BE600F389F9 /* en */,
			);
			name = MainStoryboard.storyboard;
			sourceTree = "<group>";
		};
/* End PBXVariantGroup section */

/* Begin XCBuildConfiguration section */
		3DA247E617C69BE600F389F9 /* Debug */ = {
			isa = XCBuildConfiguration;
			buildSettings = {
				ALWAYS_SEARCH_USER_PATHS = NO;
				CLANG_CXX_LANGUAGE_STANDARD = "gnu++0x";
				CLANG_CXX_LIBRARY = "libc++";
				CLANG_ENABLE_OBJC_ARC = YES;
				CLANG_WARN_CONSTANT_CONVERSION = YES;
				CLANG_WARN_EMPTY_BODY = YES;
				CLANG_WARN_ENUM_CONVERSION = YES;
				CLANG_WARN_INT_CONVERSION = YES;
				CLANG_WARN__DUPLICATE_METHOD_MATCH = YES;
				"CODE_SIGN_IDENTITY[sdk=iphoneos*]" = "iPhone Developer";
				COPY_PHASE_STRIP = NO;
				GCC_C_LANGUAGE_STANDARD = gnu99;
				GCC_DYNAMIC_NO_PIC = NO;
				GCC_OPTIMIZATION_LEVEL = 0;
				GCC_PREPROCESSOR_DEFINITIONS = (
					"DEBUG=1",
					"$(inherited)",
				);
				GCC_SYMBOLS_PRIVATE_EXTERN = NO;
				GCC_WARN_ABOUT_RETURN_TYPE = YES;
				GCC_WARN_UNINITIALIZED_AUTOS = YES;
				GCC_WARN_UNUSED_VARIABLE = YES;
				IPHONEOS_DEPLOYMENT_TARGET = 6.1;
				ONLY_ACTIVE_ARCH = YES;
				SDKROOT = iphoneos;
			};
			name = Debug;
		};
		3DA247E717C69BE600F389F9 /* Release */ = {
			isa = XCBuildConfiguration;
			buildSettings = {
				ALWAYS_SEARCH_USER_PATHS = NO;
				CLANG_CXX_LANGUAGE_STANDARD = "gnu++0x";
				CLANG_CXX_LIBRARY = "libc++";
				CLANG_ENABLE_OBJC_ARC = YES;
				CLANG_WARN_CONSTANT_CONVERSION = YES;
				CLANG_WARN_EMPTY_BODY = YES;
				CLANG_WARN_ENUM_CONVERSION = YES;
				CLANG_WARN_INT_CONVERSION = YES;
				CLANG_WARN__DUPLICATE_METHOD_MATCH = YES;
				"CODE_SIGN_IDENTITY[sdk=iphoneos*]" = "iPhone Developer";
				COPY_PHASE_STRIP = YES;
				GCC_C_LANGUAGE_STANDARD = gnu99;
				GCC_WARN_ABOUT_RETURN_TYPE = YES;
				GCC_WARN_UNINITIALIZED_AUTOS = YES;
				GCC_WARN_UNUSED_VARIABLE = YES;
				IPHONEOS_DEPLOYMENT_TARGET = 6.1;
				OTHER_CFLAGS = "-DNS_BLOCK_ASSERTIONS=1";
				SDKROOT = iphoneos;
				VALIDATE_PRODUCT = YES;
			};
			name = Release;
		};
		3DA247E917C69BE600F389F9 /* Debug */ = {
			isa = XCBuildConfiguration;
			buildSettings = {
				GCC_PRECOMPILE_PREFIX_HEADER = YES;
				GCC_PREFIX_HEADER = "Matchismo/Matchismo-Prefix.pch";
				INFOPLIST_FILE = "Matchismo/Matchismo-Info.plist";
				PRODUCT_NAME = "$(TARGET_NAME)";
				WRAPPER_EXTENSION = app;
			};
			name = Debug;
		};
		3DA247EA17C69BE600F389F9 /* Release */ = {
			isa = XCBuildConfiguration;
			buildSettings = {
				GCC_PRECOMPILE_PREFIX_HEADER = YES;
				GCC_PREFIX_HEADER = "Matchismo/Matchismo-Prefix.pch";
				INFOPLIST_FILE = "Matchismo/Matchismo-Info.plist";
				PRODUCT_NAME = "$(TARGET_NAME)";
				WRAPPER_EXTENSION = app;
			};
			name = Release;
		};
/* End XCBuildConfiguration section */

/* Begin XCConfigurationList section */
		3DA247C017C69BE600F389F9 /* Build configuration list for PBXProject "Matchismo" */ = {
			isa = XCConfigurationList;
			buildConfigurations = (
				3DA247E617C69BE600F389F9 /* Debug */,
				3DA247E717C69BE600F389F9 /* Release */,
			);
			defaultConfigurationIsVisible = 0;
			defaultConfigurationName = Release;
		};
		3DA247E817C69BE600F389F9 /* Build configuration list for PBXNativeTarget "Matchismo" */ = {
			isa = XCConfigurationList;
			buildConfigurations = (
				3DA247E917C69BE600F389F9 /* Debug */,
				3DA247EA17C69BE600F389F9 /* Release */,
			);
			defaultConfigurationIsVisible = 0;
			defaultConfigurationName = Release;
		};
/* End XCConfigurationList section */
	};
	rootObject = 3DA247BD17C69BE600F389F9 /* Project object */;
}
